
Microsoft Visual Studio Solution File, Format Version 12.00
# Visual Studio Version 17
VisualStudioVersion = 17.1.32319.34
MinimumVisualStudioVersion = 10.0.40219.1
Project("{FAE04EC0-301F-11D3-BF4B-00C04F79EFBC}") = "HotelListing.API", "HotelListing.API\HotelListing.API.csproj", "{149ED7BD-1582-4B2B-894D-A51C86C0D72F}"
EndProject
Project("{FAE04EC0-301F-11D3-BF4B-00C04F79EFBC}") = "HotelListingAPI.Moq", "HotelListingAPI.Moq\HotelListingAPI.Moq.csproj", "{254E97A4-B83F-4AAE-B8B7-59DC161ED207}"
EndProject
Global
	GlobalSection(SolutionConfigurationPlatforms) = preSolution
		Debug|Any CPU = Debug|Any CPU
		Release|Any CPU = Release|Any CPU
	EndGlobalSection
	GlobalSection(ProjectConfigurationPlatforms) = postSolution
		{149ED7BD-1582-4B2B-894D-A51C86C0D72F}.Debug|Any CPU.ActiveCfg = Debug|Any CPU
		{149ED7BD-1582-4B2B-894D-A51C86C0D72F}.Debug|Any CPU.Build.0 = Debug|Any CPU
		{149ED7BD-1582-4B2B-894D-A51C86C0D72F}.Release|Any CPU.ActiveCfg = Release|Any CPU
		{149ED7BD-1582-4B2B-894D-A51C86C0D72F}.Release|Any CPU.Build.0 = Release|Any CPU
		{254E97A4-B83F-4AAE-B8B7-59DC161ED207}.Debug|Any CPU.ActiveCfg = Debug|Any CPU
		{254E97A4-B83F-4AAE-B8B7-59DC161ED207}.Debug|Any CPU.Build.0 = Debug|Any CPU
		{254E97A4-B83F-4AAE-B8B7-59DC161ED207}.Release|Any CPU.ActiveCfg = Release|Any CPU
		{254E97A4-B83F-4AAE-B8B7-59DC161ED207}.Release|Any CPU.Build.0 = Release|Any CPU
	EndGlobalSection
	GlobalSection(SolutionProperties) = preSolution
		HideSolutionNode = FALSE
	EndGlobalSection
	GlobalSection(ExtensibilityGlobals) = postSolution
		SolutionGuid = {268F70C9-031D-40E4-8197-59B1F274BCC1}
	EndGlobalSection
EndGlobal
